
Microsoft Visual Studio Solution File, Format Version 12.00
# Visual Studio Version 16
VisualStudioVersion = 16.0.31005.135
MinimumVisualStudioVersion = 10.0.40219.1
Project("{9A19103F-16F7-4668-BE54-9A1E7A4F7556}") = "CursoMVC", "CursoMVC.csproj", "{C2677A99-C8E7-4692-9B33-70441B35BB50}"
EndProject
Project("{9A19103F-16F7-4668-BE54-9A1E7A4F7556}") = "CursoAPI", "..\CursoAPI\CursoAPI.csproj", "{E65BD1ED-1A14-453D-9EE7-1A31248F2554}"
EndProject
Project("{FAE04EC0-301F-11D3-BF4B-00C04F79EFBC}") = "CursoMVCAPITest", "..\CursoMVCAPITest\CursoMVCAPITest.csproj", "{0C096C9B-B127-4739-882A-71C259170B39}"
EndProject
Global
	GlobalSection(SolutionConfigurationPlatforms) = preSolution
		Debug|Any CPU = Debug|Any CPU
		Release|Any CPU = Release|Any CPU
	EndGlobalSection
	GlobalSection(ProjectConfigurationPlatforms) = postSolution
		{C2677A99-C8E7-4692-9B33-70441B35BB50}.Debug|Any CPU.ActiveCfg = Debug|Any CPU
		{C2677A99-C8E7-4692-9B33-70441B35BB50}.Debug|Any CPU.Build.0 = Debug|Any CPU
		{C2677A99-C8E7-4692-9B33-70441B35BB50}.Release|Any CPU.ActiveCfg = Release|Any CPU
		{C2677A99-C8E7-4692-9B33-70441B35BB50}.Release|Any CPU.Build.0 = Release|Any CPU
		{E65BD1ED-1A14-453D-9EE7-1A31248F2554}.Debug|Any CPU.ActiveCfg = Debug|Any CPU
		{E65BD1ED-1A14-453D-9EE7-1A31248F2554}.Debug|Any CPU.Build.0 = Debug|Any CPU
		{E65BD1ED-1A14-453D-9EE7-1A31248F2554}.Release|Any CPU.ActiveCfg = Release|Any CPU
		{E65BD1ED-1A14-453D-9EE7-1A31248F2554}.Release|Any CPU.Build.0 = Release|Any CPU
		{0C096C9B-B127-4739-882A-71C259170B39}.Debug|Any CPU.ActiveCfg = Debug|Any CPU
		{0C096C9B-B127-4739-882A-71C259170B39}.Debug|Any CPU.Build.0 = Debug|Any CPU
		{0C096C9B-B127-4739-882A-71C259170B39}.Release|Any CPU.ActiveCfg = Release|Any CPU
		{0C096C9B-B127-4739-882A-71C259170B39}.Release|Any CPU.Build.0 = Release|Any CPU
	EndGlobalSection
	GlobalSection(SolutionProperties) = preSolution
		HideSolutionNode = FALSE
	EndGlobalSection
	GlobalSection(ExtensibilityGlobals) = postSolution
		SolutionGuid = {630DB7EA-E85D-4272-B20B-32C0D539014C}
	EndGlobalSection
EndGlobal
